# THIS IS AN AUTOGENERATED FILE. DO NOT EDIT THIS FILE DIRECTLY.
# yarn lockfile v1


"@openzeppelin/contracts@3.4.2":
  version "3.4.2"
  resolved "https://registry.yarnpkg.com/@openzeppelin/contracts/-/contracts-3.4.2.tgz#d81f786fda2871d1eb8a8c5a73e455753ba53527"
  integrity sha512-z0zMCjyhhp4y7XKAcDAi3Vgms4T2PstwBdahiO0+9NaGICQKjynK3wduSRplTgk4LXmoO1yfDGO5RbjKYxtuxA==

"@summa-tx/memview-sol@2.1.2":
  version "2.1.2"
  resolved "https://registry.yarnpkg.com/@summa-tx/memview-sol/-/memview-sol-2.1.2.tgz#a827500ec1c8d6da1e148ef55d801b4317e23118"
  integrity sha512-UkyaSu9SGK3GKFM+yTgbNhRn/QyGwHwmIh2WZnBYIR0sFgC2YuB+ySnHEW46FwWXCdF3PN7jxZg6NRK4L2QcXA==
